
Microsoft Visual Studio Solution File, Format Version 12.00
# Visual Studio Version 16
VisualStudioVersion = 16.0.32126.315
MinimumVisualStudioVersion = 10.0.40219.1
Project("{9A19103F-16F7-4668-BE54-9A1E7A4F7556}") = "monoSlime2", "monoSlime2.csproj", "{AD2CEC9F-BC5C-4D4E-BF22-7BF2C1E01443}"
EndProject
Global
	GlobalSection(SolutionConfigurationPlatforms) = preSolution
		Debug|Any CPU = Debug|Any CPU
		Release|Any CPU = Release|Any CPU
	EndGlobalSection
	GlobalSection(ProjectConfigurationPlatforms) = postSolution
		{AD2CEC9F-BC5C-4D4E-BF22-7BF2C1E01443}.Debug|Any CPU.ActiveCfg = Debug|Any CPU
		{AD2CEC9F-BC5C-4D4E-BF22-7BF2C1E01443}.Debug|Any CPU.Build.0 = Debug|Any CPU
		{AD2CEC9F-BC5C-4D4E-BF22-7BF2C1E01443}.Release|Any CPU.ActiveCfg = Release|Any CPU
		{AD2CEC9F-BC5C-4D4E-BF22-7BF2C1E01443}.Release|Any CPU.Build.0 = Release|Any CPU
	EndGlobalSection
	GlobalSection(SolutionProperties) = preSolution
		HideSolutionNode = FALSE
	EndGlobalSection
	GlobalSection(ExtensibilityGlobals) = postSolution
		SolutionGuid = {E47314C4-4EC4-4108-BE0A-21A5813A120E}
	EndGlobalSection
EndGlobal
